// !$*UTF8*$!
{
	archiveVersion = 1;
	classes = {
	};
	objectVersion = 46;
	objects = {

/* Begin PBXBuildFile section */
		227CC2591BC9792200C31F8F /* main.m in Sources */ = {isa = PBXBuildFile; fileRef = 227CC2581BC9792200C31F8F /* main.m */; };
		227CC25C1BC9792200C31F8F /* AppDelegate.m in Sources */ = {isa = PBXBuildFile; fileRef = 227CC25B1BC9792200C31F8F /* AppDelegate.m */; };
		227CC2621BC9792200C31F8F /* Main.storyboard in Resources */ = {isa = PBXBuildFile; fileRef = 227CC2601BC9792200C31F8F /* Main.storyboard */; };
		227CC2651BC9792200C31F8F /* finalProject.xcdatamodeld in Sources */ = {isa = PBXBuildFile; fileRef = 227CC2631BC9792200C31F8F /* finalProject.xcdatamodeld */; };
		227CC2671BC9792200C31F8F /* Assets.xcassets in Resources */ = {isa = PBXBuildFile; fileRef = 227CC2661BC9792200C31F8F /* Assets.xcassets */; };
		227CC26A1BC9792200C31F8F /* LaunchScreen.storyboard in Resources */ = {isa = PBXBuildFile; fileRef = 227CC2681BC9792200C31F8F /* LaunchScreen.storyboard */; };
		2E4C1240B4B88ADA535632B1 /* libPods.a in Frameworks */ = {isa = PBXBuildFile; fileRef = 8234ABF4A30E2B36BAF66C1F /* libPods.a */; };
		5182392E1BD19DDA00F44326 /* NSString+NSString_Sanitize.m in Sources */ = {isa = PBXBuildFile; fileRef = 5182392D1BD19DDA00F44326 /* NSString+NSString_Sanitize.m */; settings = {ASSET_TAGS = (); }; };
		518239461BD5FC8E00F44326 /* Quotes.m in Sources */ = {isa = PBXBuildFile; fileRef = 518239451BD5FC8E00F44326 /* Quotes.m */; settings = {ASSET_TAGS = (); }; };
		6B006F511BCAC82600D5CE25 /* Learner.m in Sources */ = {isa = PBXBuildFile; fileRef = 6B006F501BCAC82600D5CE25 /* Learner.m */; settings = {ASSET_TAGS = (); }; };
		6B006F541BCAC83A00D5CE25 /* Skill.m in Sources */ = {isa = PBXBuildFile; fileRef = 6B006F531BCAC83A00D5CE25 /* Skill.m */; settings = {ASSET_TAGS = (); }; };
		6B006F571BCAC84F00D5CE25 /* JournalEntry.m in Sources */ = {isa = PBXBuildFile; fileRef = 6B006F561BCAC84F00D5CE25 /* JournalEntry.m */; settings = {ASSET_TAGS = (); }; };
		6B8D69831BD1AAD1004327C4 /* CourseResult.m in Sources */ = {isa = PBXBuildFile; fileRef = 6B8D697F1BD1AAD1004327C4 /* CourseResult.m */; settings = {ASSET_TAGS = (); }; };
		6B8D69841BD1AAD1004327C4 /* CourseTableViewCell.m in Sources */ = {isa = PBXBuildFile; fileRef = 6B8D69811BD1AAD1004327C4 /* CourseTableViewCell.m */; settings = {ASSET_TAGS = (); }; };
		6B8D69851BD1AAD1004327C4 /* CourseTableViewCell.xib in Resources */ = {isa = PBXBuildFile; fileRef = 6B8D69821BD1AAD1004327C4 /* CourseTableViewCell.xib */; settings = {ASSET_TAGS = (); }; };
		6B9B1A891BD3EBB200F5D995 /* JournalEntryHeaderView.m in Sources */ = {isa = PBXBuildFile; fileRef = 6B9B1A841BD3EBB200F5D995 /* JournalEntryHeaderView.m */; settings = {ASSET_TAGS = (); }; };
		6B9B1A8A1BD3EBB200F5D995 /* JournalEntryHeaderView.xib in Resources */ = {isa = PBXBuildFile; fileRef = 6B9B1A851BD3EBB200F5D995 /* JournalEntryHeaderView.xib */; settings = {ASSET_TAGS = (); }; };
		6B9B1A8B1BD3EBB200F5D995 /* JournalEntryTableViewCell.m in Sources */ = {isa = PBXBuildFile; fileRef = 6B9B1A871BD3EBB200F5D995 /* JournalEntryTableViewCell.m */; settings = {ASSET_TAGS = (); }; };
		6B9B1A8C1BD3EBB200F5D995 /* JournalEntryTableViewCell.xib in Resources */ = {isa = PBXBuildFile; fileRef = 6B9B1A881BD3EBB200F5D995 /* JournalEntryTableViewCell.xib */; settings = {ASSET_TAGS = (); }; };
		6B9D0CF11BD8394600A1F565 /* NYAlertView.m in Sources */ = {isa = PBXBuildFile; fileRef = 6B9D0CEE1BD8394600A1F565 /* NYAlertView.m */; settings = {ASSET_TAGS = (); }; };
		6B9D0CF21BD8394600A1F565 /* NYAlertViewController.m in Sources */ = {isa = PBXBuildFile; fileRef = 6B9D0CF01BD8394600A1F565 /* NYAlertViewController.m */; settings = {ASSET_TAGS = (); }; };
		6BA37E3F1BD17AD00079CB96 /* MeetUpResult.m in Sources */ = {isa = PBXBuildFile; fileRef = 6BA37E3B1BD17AD00079CB96 /* MeetUpResult.m */; settings = {ASSET_TAGS = (); }; };
		6BA37E401BD17AD00079CB96 /* MeetUpTableViewCell.m in Sources */ = {isa = PBXBuildFile; fileRef = 6BA37E3D1BD17AD00079CB96 /* MeetUpTableViewCell.m */; settings = {ASSET_TAGS = (); }; };
		6BA37E411BD17AD00079CB96 /* MeetUpTableViewCell.xib in Resources */ = {isa = PBXBuildFile; fileRef = 6BA37E3E1BD17AD00079CB96 /* MeetUpTableViewCell.xib */; settings = {ASSET_TAGS = (); }; };
		6BA37E431BD17E8B0079CB96 /* TikalSans-Medium.otf in Resources */ = {isa = PBXBuildFile; fileRef = 6BA37E421BD17E670079CB96 /* TikalSans-Medium.otf */; };
		6BA37E4D1BD196780079CB96 /* VideoResult.m in Sources */ = {isa = PBXBuildFile; fileRef = 6BA37E491BD196780079CB96 /* VideoResult.m */; settings = {ASSET_TAGS = (); }; };
		6BA37E4E1BD196780079CB96 /* VideoTableViewCell.m in Sources */ = {isa = PBXBuildFile; fileRef = 6BA37E4B1BD196780079CB96 /* VideoTableViewCell.m */; settings = {ASSET_TAGS = (); }; };
		6BA37E4F1BD196780079CB96 /* VideoTableViewCell.xib in Resources */ = {isa = PBXBuildFile; fileRef = 6BA37E4C1BD196780079CB96 /* VideoTableViewCell.xib */; settings = {ASSET_TAGS = (); }; };
		6BB4587B1BC9BF55007D6E0B /* WelcomeViewController.m in Sources */ = {isa = PBXBuildFile; fileRef = 6BB4587A1BC9BF55007D6E0B /* WelcomeViewController.m */; settings = {ASSET_TAGS = (); }; };
		6BB4587E1BC9C04F007D6E0B /* LearnerProfileViewController.m in Sources */ = {isa = PBXBuildFile; fileRef = 6BB4587D1BC9C04F007D6E0B /* LearnerProfileViewController.m */; settings = {ASSET_TAGS = (); }; };
		6BB458811BC9C096007D6E0B /* ComposePostViewController.m in Sources */ = {isa = PBXBuildFile; fileRef = 6BB458801BC9C096007D6E0B /* ComposePostViewController.m */; settings = {ASSET_TAGS = (); }; };
		6BB458841BC9C0B9007D6E0B /* InspirationViewController.m in Sources */ = {isa = PBXBuildFile; fileRef = 6BB458831BC9C0B9007D6E0B /* InspirationViewController.m */; settings = {ASSET_TAGS = (); }; };
		6BB458871BC9C0DA007D6E0B /* VideoDetailViewController.m in Sources */ = {isa = PBXBuildFile; fileRef = 6BB458861BC9C0DA007D6E0B /* VideoDetailViewController.m */; settings = {ASSET_TAGS = (); }; };
		6BE375121BD5B02C00D39DFB /* ColorData.m in Sources */ = {isa = PBXBuildFile; fileRef = 6BE375111BD5B02C00D39DFB /* ColorData.m */; settings = {ASSET_TAGS = (); }; };
/* End PBXBuildFile section */

/* Begin PBXFileReference section */
		227CC2541BC9792200C31F8F /* finalProject.app */ = {isa = PBXFileReference; explicitFileType = wrapper.application; includeInIndex = 0; path = finalProject.app; sourceTree = BUILT_PRODUCTS_DIR; };
		227CC2581BC9792200C31F8F /* main.m */ = {isa = PBXFileReference; lastKnownFileType = sourcecode.c.objc; path = main.m; sourceTree = "<group>"; };
		227CC25A1BC9792200C31F8F /* AppDelegate.h */ = {isa = PBXFileReference; lastKnownFileType = sourcecode.c.h; path = AppDelegate.h; sourceTree = "<group>"; };
		227CC25B1BC9792200C31F8F /* AppDelegate.m */ = {isa = PBXFileReference; lastKnownFileType = sourcecode.c.objc; path = AppDelegate.m; sourceTree = "<group>"; };
		227CC2611BC9792200C31F8F /* Base */ = {isa = PBXFileReference; lastKnownFileType = file.storyboard; name = Base; path = Base.lproj/Main.storyboard; sourceTree = "<group>"; };
		227CC2641BC9792200C31F8F /* finalProject.xcdatamodel */ = {isa = PBXFileReference; lastKnownFileType = wrapper.xcdatamodel; path = finalProject.xcdatamodel; sourceTree = "<group>"; };
		227CC2661BC9792200C31F8F /* Assets.xcassets */ = {isa = PBXFileReference; lastKnownFileType = folder.assetcatalog; path = Assets.xcassets; sourceTree = "<group>"; };
		227CC2691BC9792200C31F8F /* Base */ = {isa = PBXFileReference; lastKnownFileType = file.storyboard; name = Base; path = Base.lproj/LaunchScreen.storyboard; sourceTree = "<group>"; };
		227CC26B1BC9792200C31F8F /* Info.plist */ = {isa = PBXFileReference; lastKnownFileType = text.plist.xml; path = Info.plist; sourceTree = "<group>"; };
		5182392C1BD19DDA00F44326 /* NSString+NSString_Sanitize.h */ = {isa = PBXFileReference; fileEncoding = 4; lastKnownFileType = sourcecode.c.h; path = "NSString+NSString_Sanitize.h"; sourceTree = "<group>"; };
		5182392D1BD19DDA00F44326 /* NSString+NSString_Sanitize.m */ = {isa = PBXFileReference; fileEncoding = 4; lastKnownFileType = sourcecode.c.objc; path = "NSString+NSString_Sanitize.m"; sourceTree = "<group>"; };
		518239441BD5FC8E00F44326 /* Quotes.h */ = {isa = PBXFileReference; fileEncoding = 4; lastKnownFileType = sourcecode.c.h; name = Quotes.h; path = ../Quotes.h; sourceTree = "<group>"; };
		518239451BD5FC8E00F44326 /* Quotes.m */ = {isa = PBXFileReference; fileEncoding = 4; lastKnownFileType = sourcecode.c.objc; name = Quotes.m; path = ../Quotes.m; sourceTree = "<group>"; };
		6B006F4F1BCAC82600D5CE25 /* Learner.h */ = {isa = PBXFileReference; fileEncoding = 4; lastKnownFileType = sourcecode.c.h; path = Learner.h; sourceTree = "<group>"; };
		6B006F501BCAC82600D5CE25 /* Learner.m */ = {isa = PBXFileReference; fileEncoding = 4; lastKnownFileType = sourcecode.c.objc; path = Learner.m; sourceTree = "<group>"; };
		6B006F521BCAC83A00D5CE25 /* Skill.h */ = {isa = PBXFileReference; fileEncoding = 4; lastKnownFileType = sourcecode.c.h; path = Skill.h; sourceTree = "<group>"; };
		6B006F531BCAC83A00D5CE25 /* Skill.m */ = {isa = PBXFileReference; fileEncoding = 4; lastKnownFileType = sourcecode.c.objc; path = Skill.m; sourceTree = "<group>"; };
		6B006F551BCAC84F00D5CE25 /* JournalEntry.h */ = {isa = PBXFileReference; fileEncoding = 4; lastKnownFileType = sourcecode.c.h; path = JournalEntry.h; sourceTree = "<group>"; };
		6B006F561BCAC84F00D5CE25 /* JournalEntry.m */ = {isa = PBXFileReference; fileEncoding = 4; lastKnownFileType = sourcecode.c.objc; path = JournalEntry.m; sourceTree = "<group>"; };
		6B8D697E1BD1AAD1004327C4 /* CourseResult.h */ = {isa = PBXFileReference; fileEncoding = 4; lastKnownFileType = sourcecode.c.h; path = CourseResult.h; sourceTree = "<group>"; };
		6B8D697F1BD1AAD1004327C4 /* CourseResult.m */ = {isa = PBXFileReference; fileEncoding = 4; lastKnownFileType = sourcecode.c.objc; path = CourseResult.m; sourceTree = "<group>"; };
		6B8D69801BD1AAD1004327C4 /* CourseTableViewCell.h */ = {isa = PBXFileReference; fileEncoding = 4; lastKnownFileType = sourcecode.c.h; path = CourseTableViewCell.h; sourceTree = "<group>"; };
		6B8D69811BD1AAD1004327C4 /* CourseTableViewCell.m */ = {isa = PBXFileReference; fileEncoding = 4; lastKnownFileType = sourcecode.c.objc; path = CourseTableViewCell.m; sourceTree = "<group>"; };
		6B8D69821BD1AAD1004327C4 /* CourseTableViewCell.xib */ = {isa = PBXFileReference; fileEncoding = 4; lastKnownFileType = file.xib; path = CourseTableViewCell.xib; sourceTree = "<group>"; };
		6B9B1A831BD3EBB200F5D995 /* JournalEntryHeaderView.h */ = {isa = PBXFileReference; fileEncoding = 4; lastKnownFileType = sourcecode.c.h; path = JournalEntryHeaderView.h; sourceTree = "<group>"; };
		6B9B1A841BD3EBB200F5D995 /* JournalEntryHeaderView.m */ = {isa = PBXFileReference; fileEncoding = 4; lastKnownFileType = sourcecode.c.objc; path = JournalEntryHeaderView.m; sourceTree = "<group>"; };
		6B9B1A851BD3EBB200F5D995 /* JournalEntryHeaderView.xib */ = {isa = PBXFileReference; fileEncoding = 4; lastKnownFileType = file.xib; path = JournalEntryHeaderView.xib; sourceTree = "<group>"; };
		6B9B1A861BD3EBB200F5D995 /* JournalEntryTableViewCell.h */ = {isa = PBXFileReference; fileEncoding = 4; lastKnownFileType = sourcecode.c.h; path = JournalEntryTableViewCell.h; sourceTree = "<group>"; };
		6B9B1A871BD3EBB200F5D995 /* JournalEntryTableViewCell.m */ = {isa = PBXFileReference; fileEncoding = 4; lastKnownFileType = sourcecode.c.objc; path = JournalEntryTableViewCell.m; sourceTree = "<group>"; };
		6B9B1A881BD3EBB200F5D995 /* JournalEntryTableViewCell.xib */ = {isa = PBXFileReference; fileEncoding = 4; lastKnownFileType = file.xib; path = JournalEntryTableViewCell.xib; sourceTree = "<group>"; };
		6B9D0CED1BD8394600A1F565 /* NYAlertView.h */ = {isa = PBXFileReference; fileEncoding = 4; lastKnownFileType = sourcecode.c.h; path = NYAlertView.h; sourceTree = "<group>"; };
		6B9D0CEE1BD8394600A1F565 /* NYAlertView.m */ = {isa = PBXFileReference; fileEncoding = 4; lastKnownFileType = sourcecode.c.objc; path = NYAlertView.m; sourceTree = "<group>"; };
		6B9D0CEF1BD8394600A1F565 /* NYAlertViewController.h */ = {isa = PBXFileReference; fileEncoding = 4; lastKnownFileType = sourcecode.c.h; path = NYAlertViewController.h; sourceTree = "<group>"; };
		6B9D0CF01BD8394600A1F565 /* NYAlertViewController.m */ = {isa = PBXFileReference; fileEncoding = 4; lastKnownFileType = sourcecode.c.objc; path = NYAlertViewController.m; sourceTree = "<group>"; };
		6BA37E3A1BD17AD00079CB96 /* MeetUpResult.h */ = {isa = PBXFileReference; fileEncoding = 4; lastKnownFileType = sourcecode.c.h; path = MeetUpResult.h; sourceTree = "<group>"; };
		6BA37E3B1BD17AD00079CB96 /* MeetUpResult.m */ = {isa = PBXFileReference; fileEncoding = 4; lastKnownFileType = sourcecode.c.objc; path = MeetUpResult.m; sourceTree = "<group>"; };
		6BA37E3C1BD17AD00079CB96 /* MeetUpTableViewCell.h */ = {isa = PBXFileReference; fileEncoding = 4; lastKnownFileType = sourcecode.c.h; path = MeetUpTableViewCell.h; sourceTree = "<group>"; };
		6BA37E3D1BD17AD00079CB96 /* MeetUpTableViewCell.m */ = {isa = PBXFileReference; fileEncoding = 4; lastKnownFileType = sourcecode.c.objc; path = MeetUpTableViewCell.m; sourceTree = "<group>"; };
		6BA37E3E1BD17AD00079CB96 /* MeetUpTableViewCell.xib */ = {isa = PBXFileReference; fileEncoding = 4; lastKnownFileType = file.xib; path = MeetUpTableViewCell.xib; sourceTree = "<group>"; };
		6BA37E421BD17E670079CB96 /* TikalSans-Medium.otf */ = {isa = PBXFileReference; lastKnownFileType = file; path = "TikalSans-Medium.otf"; sourceTree = "<group>"; };
		6BA37E481BD196780079CB96 /* VideoResult.h */ = {isa = PBXFileReference; fileEncoding = 4; lastKnownFileType = sourcecode.c.h; path = VideoResult.h; sourceTree = "<group>"; };
		6BA37E491BD196780079CB96 /* VideoResult.m */ = {isa = PBXFileReference; fileEncoding = 4; lastKnownFileType = sourcecode.c.objc; path = VideoResult.m; sourceTree = "<group>"; };
		6BA37E4A1BD196780079CB96 /* VideoTableViewCell.h */ = {isa = PBXFileReference; fileEncoding = 4; lastKnownFileType = sourcecode.c.h; path = VideoTableViewCell.h; sourceTree = "<group>"; };
		6BA37E4B1BD196780079CB96 /* VideoTableViewCell.m */ = {isa = PBXFileReference; fileEncoding = 4; lastKnownFileType = sourcecode.c.objc; path = VideoTableViewCell.m; sourceTree = "<group>"; };
		6BA37E4C1BD196780079CB96 /* VideoTableViewCell.xib */ = {isa = PBXFileReference; fileEncoding = 4; lastKnownFileType = file.xib; path = VideoTableViewCell.xib; sourceTree = "<group>"; };
		6BB458791BC9BF55007D6E0B /* WelcomeViewController.h */ = {isa = PBXFileReference; fileEncoding = 4; lastKnownFileType = sourcecode.c.h; path = WelcomeViewController.h; sourceTree = "<group>"; };
		6BB4587A1BC9BF55007D6E0B /* WelcomeViewController.m */ = {isa = PBXFileReference; fileEncoding = 4; lastKnownFileType = sourcecode.c.objc; path = WelcomeViewController.m; sourceTree = "<group>"; };
		6BB4587C1BC9C04F007D6E0B /* LearnerProfileViewController.h */ = {isa = PBXFileReference; fileEncoding = 4; lastKnownFileType = sourcecode.c.h; path = LearnerProfileViewController.h; sourceTree = "<group>"; };
		6BB4587D1BC9C04F007D6E0B /* LearnerProfileViewController.m */ = {isa = PBXFileReference; fileEncoding = 4; lastKnownFileType = sourcecode.c.objc; path = LearnerProfileViewController.m; sourceTree = "<group>"; };
		6BB4587F1BC9C096007D6E0B /* ComposePostViewController.h */ = {isa = PBXFileReference; fileEncoding = 4; lastKnownFileType = sourcecode.c.h; path = ComposePostViewController.h; sourceTree = "<group>"; };
		6BB458801BC9C096007D6E0B /* ComposePostViewController.m */ = {isa = PBXFileReference; fileEncoding = 4; lastKnownFileType = sourcecode.c.objc; path = ComposePostViewController.m; sourceTree = "<group>"; };
		6BB458821BC9C0B9007D6E0B /* InspirationViewController.h */ = {isa = PBXFileReference; fileEncoding = 4; lastKnownFileType = sourcecode.c.h; path = InspirationViewController.h; sourceTree = "<group>"; };
		6BB458831BC9C0B9007D6E0B /* InspirationViewController.m */ = {isa = PBXFileReference; fileEncoding = 4; lastKnownFileType = sourcecode.c.objc; path = InspirationViewController.m; sourceTree = "<group>"; };
		6BB458851BC9C0DA007D6E0B /* VideoDetailViewController.h */ = {isa = PBXFileReference; fileEncoding = 4; lastKnownFileType = sourcecode.c.h; path = VideoDetailViewController.h; sourceTree = "<group>"; };
		6BB458861BC9C0DA007D6E0B /* VideoDetailViewController.m */ = {isa = PBXFileReference; fileEncoding = 4; lastKnownFileType = sourcecode.c.objc; path = VideoDetailViewController.m; sourceTree = "<group>"; };
		6BE375101BD5B02C00D39DFB /* ColorData.h */ = {isa = PBXFileReference; fileEncoding = 4; lastKnownFileType = sourcecode.c.h; path = ColorData.h; sourceTree = "<group>"; };
		6BE375111BD5B02C00D39DFB /* ColorData.m */ = {isa = PBXFileReference; fileEncoding = 4; lastKnownFileType = sourcecode.c.objc; path = ColorData.m; sourceTree = "<group>"; };
		8234ABF4A30E2B36BAF66C1F /* libPods.a */ = {isa = PBXFileReference; explicitFileType = archive.ar; includeInIndex = 0; path = libPods.a; sourceTree = BUILT_PRODUCTS_DIR; };
		8D8317A631B70477E87AAE8C /* Pods.debug.xcconfig */ = {isa = PBXFileReference; includeInIndex = 1; lastKnownFileType = text.xcconfig; name = Pods.debug.xcconfig; path = "Pods/Target Support Files/Pods/Pods.debug.xcconfig"; sourceTree = "<group>"; };
		BF451388368700F94B872005 /* Pods.release.xcconfig */ = {isa = PBXFileReference; includeInIndex = 1; lastKnownFileType = text.xcconfig; name = Pods.release.xcconfig; path = "Pods/Target Support Files/Pods/Pods.release.xcconfig"; sourceTree = "<group>"; };
/* End PBXFileReference section */

/* Begin PBXFrameworksBuildPhase section */
		227CC2511BC9792200C31F8F /* Frameworks */ = {
			isa = PBXFrameworksBuildPhase;
			buildActionMask = 2147483647;
			files = (
				2E4C1240B4B88ADA535632B1 /* libPods.a in Frameworks */,
			);
			runOnlyForDeploymentPostprocessing = 0;
		};
/* End PBXFrameworksBuildPhase section */

/* Begin PBXGroup section */
		227CC24B1BC9792200C31F8F = {
			isa = PBXGroup;
			children = (
				227CC2561BC9792200C31F8F /* finalProject */,
				227CC2551BC9792200C31F8F /* Products */,
				3B239AFB0BA2C9B28A3B5FEA /* Pods */,
				90DD6F2E9DECB50F5B5712CC /* Frameworks */,
			);
			sourceTree = "<group>";
		};
		227CC2551BC9792200C31F8F /* Products */ = {
			isa = PBXGroup;
			children = (
				227CC2541BC9792200C31F8F /* finalProject.app */,
			);
			name = Products;
			sourceTree = "<group>";
		};
		227CC2561BC9792200C31F8F /* finalProject */ = {
			isa = PBXGroup;
			children = (
				227CC25A1BC9792200C31F8F /* AppDelegate.h */,
				227CC25B1BC9792200C31F8F /* AppDelegate.m */,
				6BE375101BD5B02C00D39DFB /* ColorData.h */,
				6BE375111BD5B02C00D39DFB /* ColorData.m */,
				6B006F4F1BCAC82600D5CE25 /* Learner.h */,
				6B006F501BCAC82600D5CE25 /* Learner.m */,
				6B006F521BCAC83A00D5CE25 /* Skill.h */,
				6B006F531BCAC83A00D5CE25 /* Skill.m */,
				6B006F551BCAC84F00D5CE25 /* JournalEntry.h */,
				6B006F561BCAC84F00D5CE25 /* JournalEntry.m */,
				6B8D697E1BD1AAD1004327C4 /* CourseResult.h */,
				6B8D697F1BD1AAD1004327C4 /* CourseResult.m */,
				6B9B1A831BD3EBB200F5D995 /* JournalEntryHeaderView.h */,
				6B9B1A841BD3EBB200F5D995 /* JournalEntryHeaderView.m */,
				6B9B1A851BD3EBB200F5D995 /* JournalEntryHeaderView.xib */,
				6B9B1A861BD3EBB200F5D995 /* JournalEntryTableViewCell.h */,
				6B9B1A871BD3EBB200F5D995 /* JournalEntryTableViewCell.m */,
				6B9B1A881BD3EBB200F5D995 /* JournalEntryTableViewCell.xib */,
				6B8D69801BD1AAD1004327C4 /* CourseTableViewCell.h */,
				6B8D69821BD1AAD1004327C4 /* CourseTableViewCell.xib */,
				6B8D69811BD1AAD1004327C4 /* CourseTableViewCell.m */,
				6BA37E3A1BD17AD00079CB96 /* MeetUpResult.h */,
				6BA37E3B1BD17AD00079CB96 /* MeetUpResult.m */,
				6BA37E3C1BD17AD00079CB96 /* MeetUpTableViewCell.h */,
				6BA37E3D1BD17AD00079CB96 /* MeetUpTableViewCell.m */,
				6BA37E3E1BD17AD00079CB96 /* MeetUpTableViewCell.xib */,
				6BA37E481BD196780079CB96 /* VideoResult.h */,
				6BA37E491BD196780079CB96 /* VideoResult.m */,
				6BA37E4A1BD196780079CB96 /* VideoTableViewCell.h */,
				6BA37E4B1BD196780079CB96 /* VideoTableViewCell.m */,
				6BA37E4C1BD196780079CB96 /* VideoTableViewCell.xib */,
				6BB458851BC9C0DA007D6E0B /* VideoDetailViewController.h */,
				6BB458861BC9C0DA007D6E0B /* VideoDetailViewController.m */,
				6BB458821BC9C0B9007D6E0B /* InspirationViewController.h */,
				6BB458831BC9C0B9007D6E0B /* InspirationViewController.m */,
				6BB4587F1BC9C096007D6E0B /* ComposePostViewController.h */,
				6BB458801BC9C096007D6E0B /* ComposePostViewController.m */,
				6BB4587C1BC9C04F007D6E0B /* LearnerProfileViewController.h */,
				6BB4587D1BC9C04F007D6E0B /* LearnerProfileViewController.m */,
				6BB458791BC9BF55007D6E0B /* WelcomeViewController.h */,
				6BB4587A1BC9BF55007D6E0B /* WelcomeViewController.m */,
				5182392C1BD19DDA00F44326 /* NSString+NSString_Sanitize.h */,
				5182392D1BD19DDA00F44326 /* NSString+NSString_Sanitize.m */,
				518239441BD5FC8E00F44326 /* Quotes.h */,
				518239451BD5FC8E00F44326 /* Quotes.m */,
				227CC2601BC9792200C31F8F /* Main.storyboard */,
				227CC2661BC9792200C31F8F /* Assets.xcassets */,
				227CC2681BC9792200C31F8F /* LaunchScreen.storyboard */,
				227CC26B1BC9792200C31F8F /* Info.plist */,
				227CC2631BC9792200C31F8F /* finalProject.xcdatamodeld */,
				227CC2571BC9792200C31F8F /* Supporting Files */,
			);
			path = finalProject;
			sourceTree = "<group>";
		};
		227CC2571BC9792200C31F8F /* Supporting Files */ = {
			isa = PBXGroup;
			children = (
				6B9D0CEC1BD8394600A1F565 /* NYAlertViewController */,
				6BA37E421BD17E670079CB96 /* TikalSans-Medium.otf */,
				227CC2581BC9792200C31F8F /* main.m */,
			);
			name = "Supporting Files";
			sourceTree = "<group>";
		};
		3B239AFB0BA2C9B28A3B5FEA /* Pods */ = {
			isa = PBXGroup;
			children = (
				8D8317A631B70477E87AAE8C /* Pods.debug.xcconfig */,
				BF451388368700F94B872005 /* Pods.release.xcconfig */,
			);
			name = Pods;
			sourceTree = "<group>";
		};
		6B9D0CEC1BD8394600A1F565 /* NYAlertViewController */ = {
			isa = PBXGroup;
			children = (
				6B9D0CED1BD8394600A1F565 /* NYAlertView.h */,
				6B9D0CEE1BD8394600A1F565 /* NYAlertView.m */,
				6B9D0CEF1BD8394600A1F565 /* NYAlertViewController.h */,
				6B9D0CF01BD8394600A1F565 /* NYAlertViewController.m */,
			);
			path = NYAlertViewController;
			sourceTree = "<group>";
		};
		90DD6F2E9DECB50F5B5712CC /* Frameworks */ = {
			isa = PBXGroup;
			children = (
				8234ABF4A30E2B36BAF66C1F /* libPods.a */,
			);
			name = Frameworks;
			sourceTree = "<group>";
		};
/* End PBXGroup section */

/* Begin PBXNativeTarget section */
		227CC2531BC9792200C31F8F /* finalProject */ = {
			isa = PBXNativeTarget;
			buildConfigurationList = 227CC26E1BC9792200C31F8F /* Build configuration list for PBXNativeTarget "finalProject" */;
			buildPhases = (
				F901311F5A4E8396DBB7C4A4 /* Check Pods Manifest.lock */,
				227CC2501BC9792200C31F8F /* Sources */,
				227CC2511BC9792200C31F8F /* Frameworks */,
				227CC2521BC9792200C31F8F /* Resources */,
				AA72661A27E298A6E62A93A3 /* Copy Pods Resources */,
			);
			buildRules = (
			);
			dependencies = (
			);
			name = finalProject;
			productName = finalProject;
			productReference = 227CC2541BC9792200C31F8F /* finalProject.app */;
			productType = "com.apple.product-type.application";
		};
/* End PBXNativeTarget section */

/* Begin PBXProject section */
		227CC24C1BC9792200C31F8F /* Project object */ = {
			isa = PBXProject;
			attributes = {
				LastUpgradeCheck = 0700;
				ORGANIZATIONNAME = ddistant;
				TargetAttributes = {
					227CC2531BC9792200C31F8F = {
						CreatedOnToolsVersion = 7.0;
						DevelopmentTeam = N2DCZ2U592;
					};
				};
			};
			buildConfigurationList = 227CC24F1BC9792200C31F8F /* Build configuration list for PBXProject "finalProject" */;
			compatibilityVersion = "Xcode 3.2";
			developmentRegion = English;
			hasScannedForEncodings = 0;
			knownRegions = (
				en,
				Base,
			);
			mainGroup = 227CC24B1BC9792200C31F8F;
			productRefGroup = 227CC2551BC9792200C31F8F /* Products */;
			projectDirPath = "";
			projectRoot = "";
			targets = (
				227CC2531BC9792200C31F8F /* finalProject */,
			);
		};
/* End PBXProject section */

/* Begin PBXResourcesBuildPhase section */
		227CC2521BC9792200C31F8F /* Resources */ = {
			isa = PBXResourcesBuildPhase;
			buildActionMask = 2147483647;
			files = (
				6BA37E431BD17E8B0079CB96 /* TikalSans-Medium.otf in Resources */,
				6B9B1A8C1BD3EBB200F5D995 /* JournalEntryTableViewCell.xib in Resources */,
				227CC26A1BC9792200C31F8F /* LaunchScreen.storyboard in Resources */,
				227CC2671BC9792200C31F8F /* Assets.xcassets in Resources */,
				227CC2621BC9792200C31F8F /* Main.storyboard in Resources */,
				6B9B1A8A1BD3EBB200F5D995 /* JournalEntryHeaderView.xib in Resources */,
				6B8D69851BD1AAD1004327C4 /* CourseTableViewCell.xib in Resources */,
				6BA37E411BD17AD00079CB96 /* MeetUpTableViewCell.xib in Resources */,
				6BA37E4F1BD196780079CB96 /* VideoTableViewCell.xib in Resources */,
			);
			runOnlyForDeploymentPostprocessing = 0;
		};
/* End PBXResourcesBuildPhase section */

/* Begin PBXShellScriptBuildPhase section */
		AA72661A27E298A6E62A93A3 /* Copy Pods Resources */ = {
			isa = PBXShellScriptBuildPhase;
			buildActionMask = 2147483647;
			files = (
			);
			inputPaths = (
			);
			name = "Copy Pods Resources";
			outputPaths = (
			);
			runOnlyForDeploymentPostprocessing = 0;
			shellPath = /bin/sh;
			shellScript = "\"${SRCROOT}/Pods/Target Support Files/Pods/Pods-resources.sh\"\n";
			showEnvVarsInLog = 0;
		};
		F901311F5A4E8396DBB7C4A4 /* Check Pods Manifest.lock */ = {
			isa = PBXShellScriptBuildPhase;
			buildActionMask = 2147483647;
			files = (
			);
			inputPaths = (
			);
			name = "Check Pods Manifest.lock";
			outputPaths = (
			);
			runOnlyForDeploymentPostprocessing = 0;
			shellPath = /bin/sh;
			shellScript = "diff \"${PODS_ROOT}/../Podfile.lock\" \"${PODS_ROOT}/Manifest.lock\" > /dev/null\nif [[ $? != 0 ]] ; then\n    cat << EOM\nerror: The sandbox is not in sync with the Podfile.lock. Run 'pod install' or update your CocoaPods installation.\nEOM\n    exit 1\nfi\n";
			showEnvVarsInLog = 0;
		};
/* End PBXShellScriptBuildPhase section */

/* Begin PBXSourcesBuildPhase section */
		227CC2501BC9792200C31F8F /* Sources */ = {
			isa = PBXSourcesBuildPhase;
			buildActionMask = 2147483647;
			files = (
				6B9B1A891BD3EBB200F5D995 /* JournalEntryHeaderView.m in Sources */,
				6BA37E4E1BD196780079CB96 /* VideoTableViewCell.m in Sources */,
				518239461BD5FC8E00F44326 /* Quotes.m in Sources */,
				6B8D69831BD1AAD1004327C4 /* CourseResult.m in Sources */,
				6B9D0CF11BD8394600A1F565 /* NYAlertView.m in Sources */,
				6B006F511BCAC82600D5CE25 /* Learner.m in Sources */,
				6BB458841BC9C0B9007D6E0B /* InspirationViewController.m in Sources */,
				227CC25C1BC9792200C31F8F /* AppDelegate.m in Sources */,
				6BB458811BC9C096007D6E0B /* ComposePostViewController.m in Sources */,
				6B006F571BCAC84F00D5CE25 /* JournalEntry.m in Sources */,
				6BB4587B1BC9BF55007D6E0B /* WelcomeViewController.m in Sources */,
				6BB4587E1BC9C04F007D6E0B /* LearnerProfileViewController.m in Sources */,
				5182392E1BD19DDA00F44326 /* NSString+NSString_Sanitize.m in Sources */,
				227CC2651BC9792200C31F8F /* finalProject.xcdatamodeld in Sources */,
				6BA37E401BD17AD00079CB96 /* MeetUpTableViewCell.m in Sources */,
				6BA37E3F1BD17AD00079CB96 /* MeetUpResult.m in Sources */,
				6B9D0CF21BD8394600A1F565 /* NYAlertViewController.m in Sources */,
				6BE375121BD5B02C00D39DFB /* ColorData.m in Sources */,
				6B9B1A8B1BD3EBB200F5D995 /* JournalEntryTableViewCell.m in Sources */,
				6BA37E4D1BD196780079CB96 /* VideoResult.m in Sources */,
				6B8D69841BD1AAD1004327C4 /* CourseTableViewCell.m in Sources */,
				6B006F541BCAC83A00D5CE25 /* Skill.m in Sources */,
				227CC2591BC9792200C31F8F /* main.m in Sources */,
				6BB458871BC9C0DA007D6E0B /* VideoDetailViewController.m in Sources */,
			);
			runOnlyForDeploymentPostprocessing = 0;
		};
/* End PBXSourcesBuildPhase section */

/* Begin PBXVariantGroup section */
		227CC2601BC9792200C31F8F /* Main.storyboard */ = {
			isa = PBXVariantGroup;
			children = (
				227CC2611BC9792200C31F8F /* Base */,
			);
			name = Main.storyboard;
			sourceTree = "<group>";
		};
		227CC2681BC9792200C31F8F /* LaunchScreen.storyboard */ = {
			isa = PBXVariantGroup;
			children = (
				227CC2691BC9792200C31F8F /* Base */,
			);
			name = LaunchScreen.storyboard;
			sourceTree = "<group>";
		};
/* End PBXVariantGroup section */

/* Begin XCBuildConfiguration section */
		227CC26C1BC9792200C31F8F /* Debug */ = {
			isa = XCBuildConfiguration;
			buildSettings = {
				ALWAYS_SEARCH_USER_PATHS = NO;
				CLANG_CXX_LANGUAGE_STANDARD = "gnu++0x";
				CLANG_CXX_LIBRARY = "libc++";
				CLANG_ENABLE_MODULES = YES;
				CLANG_ENABLE_OBJC_ARC = YES;
				CLANG_WARN_BOOL_CONVERSION = YES;
				CLANG_WARN_CONSTANT_CONVERSION = YES;
				CLANG_WARN_DIRECT_OBJC_ISA_USAGE = YES_ERROR;
				CLANG_WARN_EMPTY_BODY = YES;
				CLANG_WARN_ENUM_CONVERSION = YES;
				CLANG_WARN_INT_CONVERSION = YES;
				CLANG_WARN_OBJC_ROOT_CLASS = YES_ERROR;
				CLANG_WARN_UNREACHABLE_CODE = YES;
				CLANG_WARN__DUPLICATE_METHOD_MATCH = YES;
				"CODE_SIGN_IDENTITY[sdk=iphoneos*]" = "iPhone Developer";
				COPY_PHASE_STRIP = NO;
				DEBUG_INFORMATION_FORMAT = dwarf;
				ENABLE_STRICT_OBJC_MSGSEND = YES;
				ENABLE_TESTABILITY = YES;
				GCC_C_LANGUAGE_STANDARD = gnu99;
				GCC_DYNAMIC_NO_PIC = NO;
				GCC_NO_COMMON_BLOCKS = YES;
				GCC_OPTIMIZATION_LEVEL = 0;
				GCC_PREPROCESSOR_DEFINITIONS = (
					"DEBUG=1",
					"$(inherited)",
				);
				GCC_WARN_64_TO_32_BIT_CONVERSION = YES;
				GCC_WARN_ABOUT_RETURN_TYPE = YES_ERROR;
				GCC_WARN_UNDECLARED_SELECTOR = YES;
				GCC_WARN_UNINITIALIZED_AUTOS = YES_AGGRESSIVE;
				GCC_WARN_UNUSED_FUNCTION = YES;
				GCC_WARN_UNUSED_VARIABLE = YES;
				IPHONEOS_DEPLOYMENT_TARGET = 9.0;
				MTL_ENABLE_DEBUG_INFO = YES;
				ONLY_ACTIVE_ARCH = YES;
				SDKROOT = iphoneos;
			};
			name = Debug;
		};
		227CC26D1BC9792200C31F8F /* Release */ = {
			isa = XCBuildConfiguration;
			buildSettings = {
				ALWAYS_SEARCH_USER_PATHS = NO;
				CLANG_CXX_LANGUAGE_STANDARD = "gnu++0x";
				CLANG_CXX_LIBRARY = "libc++";
				CLANG_ENABLE_MODULES = YES;
				CLANG_ENABLE_OBJC_ARC = YES;
				CLANG_WARN_BOOL_CONVERSION = YES;
				CLANG_WARN_CONSTANT_CONVERSION = YES;
				CLANG_WARN_DIRECT_OBJC_ISA_USAGE = YES_ERROR;
				CLANG_WARN_EMPTY_BODY = YES;
				CLANG_WARN_ENUM_CONVERSION = YES;
				CLANG_WARN_INT_CONVERSION = YES;
				CLANG_WARN_OBJC_ROOT_CLASS = YES_ERROR;
				CLANG_WARN_UNREACHABLE_CODE = YES;
				CLANG_WARN__DUPLICATE_METHOD_MATCH = YES;
				"CODE_SIGN_IDENTITY[sdk=iphoneos*]" = "iPhone Developer";
				COPY_PHASE_STRIP = NO;
				DEBUG_INFORMATION_FORMAT = "dwarf-with-dsym";
				ENABLE_NS_ASSERTIONS = NO;
				ENABLE_STRICT_OBJC_MSGSEND = YES;
				GCC_C_LANGUAGE_STANDARD = gnu99;
				GCC_NO_COMMON_BLOCKS = YES;
				GCC_WARN_64_TO_32_BIT_CONVERSION = YES;
				GCC_WARN_ABOUT_RETURN_TYPE = YES_ERROR;
				GCC_WARN_UNDECLARED_SELECTOR = YES;
				GCC_WARN_UNINITIALIZED_AUTOS = YES_AGGRESSIVE;
				GCC_WARN_UNUSED_FUNCTION = YES;
				GCC_WARN_UNUSED_VARIABLE = YES;
				IPHONEOS_DEPLOYMENT_TARGET = 9.0;
				MTL_ENABLE_DEBUG_INFO = NO;
				SDKROOT = iphoneos;
				VALIDATE_PRODUCT = YES;
			};
			name = Release;
		};
		227CC26F1BC9792200C31F8F /* Debug */ = {
			isa = XCBuildConfiguration;
			baseConfigurationReference = 8D8317A631B70477E87AAE8C /* Pods.debug.xcconfig */;
			buildSettings = {
				ASSETCATALOG_COMPILER_APPICON_NAME = AppIcon;
				INFOPLIST_FILE = finalProject/Info.plist;
				LD_RUNPATH_SEARCH_PATHS = "$(inherited) @executable_path/Frameworks";
				PRODUCT_BUNDLE_IDENTIFIER = nyc.c4q.finalProject;
				PRODUCT_NAME = "$(TARGET_NAME)";
			};
			name = Debug;
		};
		227CC2701BC9792200C31F8F /* Release */ = {
			isa = XCBuildConfiguration;
			baseConfigurationReference = BF451388368700F94B872005 /* Pods.release.xcconfig */;
			buildSettings = {
				ASSETCATALOG_COMPILER_APPICON_NAME = AppIcon;
				INFOPLIST_FILE = finalProject/Info.plist;
				LD_RUNPATH_SEARCH_PATHS = "$(inherited) @executable_path/Frameworks";
				PRODUCT_BUNDLE_IDENTIFIER = nyc.c4q.finalProject;
				PRODUCT_NAME = "$(TARGET_NAME)";
			};
			name = Release;
		};
/* End XCBuildConfiguration section */

/* Begin XCConfigurationList section */
		227CC24F1BC9792200C31F8F /* Build configuration list for PBXProject "finalProject" */ = {
			isa = XCConfigurationList;
			buildConfigurations = (
				227CC26C1BC9792200C31F8F /* Debug */,
				227CC26D1BC9792200C31F8F /* Release */,
			);
			defaultConfigurationIsVisible = 0;
			defaultConfigurationName = Release;
		};
		227CC26E1BC9792200C31F8F /* Build configuration list for PBXNativeTarget "finalProject" */ = {
			isa = XCConfigurationList;
			buildConfigurations = (
				227CC26F1BC9792200C31F8F /* Debug */,
				227CC2701BC9792200C31F8F /* Release */,
			);
			defaultConfigurationIsVisible = 0;
			defaultConfigurationName = Release;
		};
/* End XCConfigurationList section */

/* Begin XCVersionGroup section */
		227CC2631BC9792200C31F8F /* finalProject.xcdatamodeld */ = {
			isa = XCVersionGroup;
			children = (
				227CC2641BC9792200C31F8F /* finalProject.xcdatamodel */,
			);
			currentVersion = 227CC2641BC9792200C31F8F /* finalProject.xcdatamodel */;
			path = finalProject.xcdatamodeld;
			sourceTree = "<group>";
			versionGroupType = wrapper.xcdatamodel;
		};
/* End XCVersionGroup section */
	};
	rootObject = 227CC24C1BC9792200C31F8F /* Project object */;
}
